{
  "object": {
    "pins": [
      {
        "package": "micro-batching",
        "repositoryURL": "https://github.com/latorante/interview-upguard-micro-batching-library",
        "state": {
          "branch": "main",
          "revision": "ce0fc3b840ae9c8feabc8c2492266b58179f10f7",
          "version": null
        }
      },
      {
        "package": "swift-argument-parser",
        "repositoryURL": "https://github.com/apple/swift-argument-parser",
        "state": {
          "branch": null,
          "revision": "41982a3656a71c768319979febd796c6fd111d5c",
          "version": "1.5.0"
        }
      }
    ]
  },
  "version": 1
}
